{
  "name": "video-clipper",
  "version": "1.0.0",
  "lockfileVersion": 3,
  "requires": true,
  "packages": {
    "": {
      "name": "video-clipper",
      "version": "1.0.0",
      "devDependencies": {
        "@ffmpeg/core": "^0.12.10",
        "@ffmpeg/ffmpeg": "^0.12.15",
        "client-zip": "^2.5.1",
        "mediabunny": "^1.60.0"
      }
    },
    "node_modules/@ffmpeg/core": {
      "version": "0.12.10",
      "resolved": "https://registry.npmjs.org/@ffmpeg/core/-/core-0.12.10.tgz",
      "integrity": "sha512-dzNplnn2Nxle2c2i2rrDhqcB19q9cglCkWnoMTDN9Q9l3PvdjZWd1HfSPjCNWc/p8Q3CT+Es9fWOR0UhAeYQZA==",
      "dev": true,
      "license": "GPL-2.0-or-later",
      "engines": {
        "node": ">=16.x"
      }
    },
    "node_modules/@ffmpeg/ffmpeg": {
      "version": "0.12.15",
      "resolved": "https://registry.npmjs.org/@ffmpeg/ffmpeg/-/ffmpeg-0.12.15.tgz",
      "integrity": "sha512-1C8Obr4GsN3xw+/1Ww6PFM84wSQAGsdoTuTWPOj2OizsRDLT4CXTaVjPhkw6ARyDus1B9X/L2LiXHqYYsGnRFw==",
      "dev": true,
      "license": "MIT",
      "dependencies": {
        "@ffmpeg/types": "^0.12.4"
      },
      "engines": {
        "node": ">=18.x"
      }
    },
    "node_modules/@ffmpeg/types": {
      "version": "0.12.4",
      "resolved": "https://registry.npmjs.org/@ffmpeg/types/-/types-0.12.4.tgz",
      "integrity": "sha512-k9vJQNBGTxE5AhYDtOYR5rO5fKsspbg51gbcwtbkw2lCdoIILzklulcjJfIDwrtn7XhDeF2M+THwJ2FGrLeV6A==",
      "dev": true,
      "license": "MIT",
      "engines": {
        "node": ">=16.x"
      }
    },
    "node_modules/@types/dom-mediacapture-transform": {
      "version": "0.1.12",
      "resolved": "https://registry.npmjs.org/@types/dom-mediacapture-transform/-/dom-mediacapture-transform-0.1.12.tgz",
      "integrity": "sha512-d7/QsLRwF864A5mgIM/YrfiglHoYn7zgCcAoJgW404r+2DwnNr7EBbLnCWpmOMgH8y0te73L1AV6H1bmauaWFw==",
      "dev": true,
      "license": "MIT",
      "dependencies": {
        "@types/dom-webcodecs": "*"
      }
    },
    "node_modules/@types/dom-webcodecs": {
      "version": "0.1.13",
      "resolved": "https://registry.npmjs.org/@types/dom-webcodecs/-/dom-webcodecs-0.1.13.tgz",
      "integrity": "sha512-O5hkiFIcjjszPIYyUSyvScyvrBoV3NOEEZx/pMlsu44TKzWNkLVBBxnxJz42in5n3QIolYOcBYFCPZZ0h8SkwQ==",
      "dev": true,
      "license": "MIT"
    },
    "node_modules/client-zip": {
      "version": "2.5.1",
      "resolved": "https://registry.npmjs.org/client-zip/-/client-zip-2.5.1.tgz",
      "integrity": "sha512-yOvNSBsQX1B7wtdvIVXJEIIShrlPiX+adhli7sWvQhsx3nX1DjvpSt+AwOxaX+3DCsT/Yx0nRy5hIjRLIYfebw==",
      "dev": true,
      "license": "MIT"
    },
    "node_modules/mediabunny": {
      "version": "1.60.0",
      "resolved": "https://registry.npmjs.org/mediabunny/-/mediabunny-1.60.0.tgz",
      "integrity": "sha512-CRQ/2D+qUF9w2IyjbjTxxSLEG+PeWeD4whb43UpUBpeNomWb/ffn+ngKgqJSPZ+bmO66MX2yBJQITZ6ijfRjug==",
      "dev": true,
      "license": "MPL-2.0",
      "workspaces": [
        ".",
        "packages/*"
      ],
      "dependencies": {
        "@types/dom-mediacapture-transform": "^0.1.11",
        "@types/dom-webcodecs": "0.1.13"
      },
      "funding": {
        "type": "individual",
        "url": "https://github.com/sponsors/Vanilagy"
      }
    }
  }
}
